
Microsoft Visual Studio Solution File, Format Version 12.00
# Visual Studio Version 17
VisualStudioVersion = 17.11.35312.102
MinimumVisualStudioVersion = 10.0.40219.1
Project("{FAE04EC0-301F-11D3-BF4B-00C04F79EFBC}") = "GestionInventario", "GestionInventario.csproj", "{1963F718-FC1B-42A1-89C9-5DBA26933D1C}"
EndProject
Global
	GlobalSection(SolutionConfigurationPlatforms) = preSolution
		Debug|Any CPU = Debug|Any CPU
		Release|Any CPU = Release|Any CPU
	EndGlobalSection
	GlobalSection(ProjectConfigurationPlatforms) = postSolution
		{1963F718-FC1B-42A1-89C9-5DBA26933D1C}.Debug|Any CPU.ActiveCfg = Debug|Any CPU
		{1963F718-FC1B-42A1-89C9-5DBA26933D1C}.Debug|Any CPU.Build.0 = Debug|Any CPU
		{1963F718-FC1B-42A1-89C9-5DBA26933D1C}.Release|Any CPU.ActiveCfg = Release|Any CPU
		{1963F718-FC1B-42A1-89C9-5DBA26933D1C}.Release|Any CPU.Build.0 = Release|Any CPU
	EndGlobalSection
	GlobalSection(SolutionProperties) = preSolution
		HideSolutionNode = FALSE
	EndGlobalSection
	GlobalSection(ExtensibilityGlobals) = postSolution
		SolutionGuid = {06E31143-4DA1-434D-9049-4D6C21A659FD}
	EndGlobalSection
EndGlobal
